
Microsoft Visual Studio Solution File, Format Version 12.00
# Visual Studio 15
VisualStudioVersion = 15.0.28307.960
MinimumVisualStudioVersion = 10.0.40219.1
Project("{FAE04EC0-301F-11D3-BF4B-00C04F79EFBC}") = "FreeTouch", "FreeTouch\FreeTouch.csproj", "{967FB7D1-9A9B-40A6-9216-3CB0DEE40585}"
EndProject
Global
	GlobalSection(SolutionConfigurationPlatforms) = preSolution
		Debug|Any CPU = Debug|Any CPU
		Release|Any CPU = Release|Any CPU
	EndGlobalSection
	GlobalSection(ProjectConfigurationPlatforms) = postSolution
		{967FB7D1-9A9B-40A6-9216-3CB0DEE40585}.Debug|Any CPU.ActiveCfg = Debug|Any CPU
		{967FB7D1-9A9B-40A6-9216-3CB0DEE40585}.Debug|Any CPU.Build.0 = Debug|Any CPU
		{967FB7D1-9A9B-40A6-9216-3CB0DEE40585}.Release|Any CPU.ActiveCfg = Release|Any CPU
		{967FB7D1-9A9B-40A6-9216-3CB0DEE40585}.Release|Any CPU.Build.0 = Release|Any CPU
	EndGlobalSection
	GlobalSection(SolutionProperties) = preSolution
		HideSolutionNode = FALSE
	EndGlobalSection
	GlobalSection(ExtensibilityGlobals) = postSolution
		SolutionGuid = {3CF460CE-B0EE-45AE-86FF-080F98B23B73}
	EndGlobalSection
EndGlobal
